
Microsoft Visual Studio Solution File, Format Version 12.00
# Visual Studio Version 16
VisualStudioVersion = 16.0.32802.440
MinimumVisualStudioVersion = 10.0.40219.1
Project("{FAE04EC0-301F-11D3-BF4B-00C04F79EFBC}") = "ConsoleTest", "ConsoleTest\ConsoleTest.csproj", "{2CFF429D-32BF-4537-8829-68E8F7A1906E}"
EndProject
Global
	GlobalSection(SolutionConfigurationPlatforms) = preSolution
		Debug|Any CPU = Debug|Any CPU
		Release|Any CPU = Release|Any CPU
	EndGlobalSection
	GlobalSection(ProjectConfigurationPlatforms) = postSolution
		{2CFF429D-32BF-4537-8829-68E8F7A1906E}.Debug|Any CPU.ActiveCfg = Debug|Any CPU
		{2CFF429D-32BF-4537-8829-68E8F7A1906E}.Debug|Any CPU.Build.0 = Debug|Any CPU
		{2CFF429D-32BF-4537-8829-68E8F7A1906E}.Release|Any CPU.ActiveCfg = Release|Any CPU
		{2CFF429D-32BF-4537-8829-68E8F7A1906E}.Release|Any CPU.Build.0 = Release|Any CPU
	EndGlobalSection
	GlobalSection(SolutionProperties) = preSolution
		HideSolutionNode = FALSE
	EndGlobalSection
	GlobalSection(ExtensibilityGlobals) = postSolution
		SolutionGuid = {8F3D04D4-0B9C-4A02-9795-F878F82D71F8}
	EndGlobalSection
EndGlobal
